
Microsoft Visual Studio Solution File, Format Version 12.00
# Visual Studio 15
VisualStudioVersion = 15.0.28307.645
MinimumVisualStudioVersion = 10.0.40219.1
Project("{9A19103F-16F7-4668-BE54-9A1E7A4F7556}") = "FirstApi", "FirstApi\FirstApi.csproj", "{6FBC60F9-5041-4AD1-AF12-82CC08BC0D9A}"
EndProject
Project("{FAE04EC0-301F-11D3-BF4B-00C04F79EFBC}") = "Mediator", "Mediator\Mediator.csproj", "{4511638C-BCD3-4714-95DE-981B12F6CB32}"
EndProject
Project("{FAE04EC0-301F-11D3-BF4B-00C04F79EFBC}") = "FirstApi.Application", "FirstApi.Application\FirstApi.Application.csproj", "{E1EFBB7B-0977-45AF-B255-2636A8DA479C}"
EndProject
Global
	GlobalSection(SolutionConfigurationPlatforms) = preSolution
		Debug|Any CPU = Debug|Any CPU
		Release|Any CPU = Release|Any CPU
	EndGlobalSection
	GlobalSection(ProjectConfigurationPlatforms) = postSolution
		{6FBC60F9-5041-4AD1-AF12-82CC08BC0D9A}.Debug|Any CPU.ActiveCfg = Debug|Any CPU
		{6FBC60F9-5041-4AD1-AF12-82CC08BC0D9A}.Debug|Any CPU.Build.0 = Debug|Any CPU
		{6FBC60F9-5041-4AD1-AF12-82CC08BC0D9A}.Release|Any CPU.ActiveCfg = Release|Any CPU
		{6FBC60F9-5041-4AD1-AF12-82CC08BC0D9A}.Release|Any CPU.Build.0 = Release|Any CPU
		{4511638C-BCD3-4714-95DE-981B12F6CB32}.Debug|Any CPU.ActiveCfg = Debug|Any CPU
		{4511638C-BCD3-4714-95DE-981B12F6CB32}.Debug|Any CPU.Build.0 = Debug|Any CPU
		{4511638C-BCD3-4714-95DE-981B12F6CB32}.Release|Any CPU.ActiveCfg = Release|Any CPU
		{4511638C-BCD3-4714-95DE-981B12F6CB32}.Release|Any CPU.Build.0 = Release|Any CPU
		{E1EFBB7B-0977-45AF-B255-2636A8DA479C}.Debug|Any CPU.ActiveCfg = Debug|Any CPU
		{E1EFBB7B-0977-45AF-B255-2636A8DA479C}.Debug|Any CPU.Build.0 = Debug|Any CPU
		{E1EFBB7B-0977-45AF-B255-2636A8DA479C}.Release|Any CPU.ActiveCfg = Release|Any CPU
		{E1EFBB7B-0977-45AF-B255-2636A8DA479C}.Release|Any CPU.Build.0 = Release|Any CPU
	EndGlobalSection
	GlobalSection(SolutionProperties) = preSolution
		HideSolutionNode = FALSE
	EndGlobalSection
	GlobalSection(ExtensibilityGlobals) = postSolution
		SolutionGuid = {1BB3A2FA-C362-4610-8F2F-BA41EE4460F8}
	EndGlobalSection
EndGlobal
